
Microsoft Visual Studio Solution File, Format Version 12.00
# Visual Studio Version 17
VisualStudioVersion = 17.8.34309.116
MinimumVisualStudioVersion = 10.0.40219.1
Project("{FAE04EC0-301F-11D3-BF4B-00C04F79EFBC}") = "AFayedFarm", "AFayedFarm.csproj", "{5BD48C1A-E1D8-4B95-8A30-DCC6CDA30BEA}"
EndProject
Global
	GlobalSection(SolutionConfigurationPlatforms) = preSolution
		Debug|Any CPU = Debug|Any CPU
		Release|Any CPU = Release|Any CPU
	EndGlobalSection
	GlobalSection(ProjectConfigurationPlatforms) = postSolution
		{5BD48C1A-E1D8-4B95-8A30-DCC6CDA30BEA}.Debug|Any CPU.ActiveCfg = Debug|Any CPU
		{5BD48C1A-E1D8-4B95-8A30-DCC6CDA30BEA}.Debug|Any CPU.Build.0 = Debug|Any CPU
		{5BD48C1A-E1D8-4B95-8A30-DCC6CDA30BEA}.Release|Any CPU.ActiveCfg = Release|Any CPU
		{5BD48C1A-E1D8-4B95-8A30-DCC6CDA30BEA}.Release|Any CPU.Build.0 = Release|Any CPU
	EndGlobalSection
	GlobalSection(SolutionProperties) = preSolution
		HideSolutionNode = FALSE
	EndGlobalSection
	GlobalSection(ExtensibilityGlobals) = postSolution
		SolutionGuid = {7A637207-0CE1-40F7-A6BD-CAA9D65520AA}
	EndGlobalSection
EndGlobal
